// !$*UTF8*$!
{
	archiveVersion = 1;
	classes = {
	};
	objectVersion = 56;
	objects = {

/* Begin PBXBuildFile section */
		A1B2C3D41234567890ABCDEF /* AnchorApp.swift in Sources */ = {isa = PBXBuildFile; fileRef = A1B2C3D31234567890ABCDEF /* AnchorApp.swift */; };
		A1B2C3D61234567890ABCDEF /* ContentView.swift in Sources */ = {isa = PBXBuildFile; fileRef = A1B2C3D51234567890ABCDEF /* ContentView.swift */; };
		A1B2C3D81234567890ABCDEF /* AnchorManager.swift in Sources */ = {isa = PBXBuildFile; fileRef = A1B2C3D71234567890ABCDEF /* AnchorManager.swift */; };
		A1B2C3DA1234567890ABCDEF /* Assets.xcassets in Resources */ = {isa = PBXBuildFile; fileRef = A1B2C3D91234567890ABCDEF /* Assets.xcassets */; };
		B1B2C3D41234567890ABCDEF /* ModeSelectionView.swift in Sources */ = {isa = PBXBuildFile; fileRef = B1B2C3D31234567890ABCDEF /* ModeSelectionView.swift */; };
		B1B2C3D61234567890ABCDEF /* AnchorModeView.swift in Sources */ = {isa = PBXBuildFile; fileRef = B1B2C3D51234567890ABCDEF /* AnchorModeView.swift */; };
		B1B2C3D81234567890ABCDEF /* NavigationModeView.swift in Sources */ = {isa = PBXBuildFile; fileRef = B1B2C3D71234567890ABCDEF /* NavigationModeView.swift */; };
		B1B2C3DA1234567890ABCDEF /* NavigationManager.swift in Sources */ = {isa = PBXBuildFile; fileRef = B1B2C3D91234567890ABCDEF /* NavigationManager.swift */; };
/* End PBXBuildFile section */

/* Begin PBXFileReference section */
		A1B2C3D01234567890ABCDEF /* AnchorStation.app */ = {isa = PBXFileReference; explicitFileType = wrapper.application; includeInIndex = 0; path = AnchorStation.app; sourceTree = BUILT_PRODUCTS_DIR; };
		A1B2C3D31234567890ABCDEF /* AnchorApp.swift */ = {isa = PBXFileReference; lastKnownFileType = sourcecode.swift; path = AnchorApp.swift; sourceTree = "<group>"; };
		A1B2C3D51234567890ABCDEF /* ContentView.swift */ = {isa = PBXFileReference; lastKnownFileType = sourcecode.swift; path = ContentView.swift; sourceTree = "<group>"; };
		A1B2C3D71234567890ABCDEF /* AnchorManager.swift */ = {isa = PBXFileReference; lastKnownFileType = sourcecode.swift; path = AnchorManager.swift; sourceTree = "<group>"; };
		A1B2C3D91234567890ABCDEF /* Assets.xcassets */ = {isa = PBXFileReference; lastKnownFileType = folder.assetcatalog; path = Assets.xcassets; sourceTree = "<group>"; };
		A1B2C3DB1234567890ABCDEF /* Info.plist */ = {isa = PBXFileReference; lastKnownFileType = text.plist.xml; path = Info.plist; sourceTree = "<group>"; };
		B1B2C3D31234567890ABCDEF /* ModeSelectionView.swift */ = {isa = PBXFileReference; lastKnownFileType = sourcecode.swift; path = ModeSelectionView.swift; sourceTree = "<group>"; };
		B1B2C3D51234567890ABCDEF /* AnchorModeView.swift */ = {isa = PBXFileReference; lastKnownFileType = sourcecode.swift; path = AnchorModeView.swift; sourceTree = "<group>"; };
		B1B2C3D71234567890ABCDEF /* NavigationModeView.swift */ = {isa = PBXFileReference; lastKnownFileType = sourcecode.swift; path = NavigationModeView.swift; sourceTree = "<group>"; };
		B1B2C3D91234567890ABCDEF /* NavigationManager.swift */ = {isa = PBXFileReference; lastKnownFileType = sourcecode.swift; path = NavigationManager.swift; sourceTree = "<group>"; };
/* End PBXFileReference section */

/* Begin PBXFrameworksBuildPhase section */
		A1B2C3CD1234567890ABCDEF /* Frameworks */ = {
			isa = PBXFrameworksBuildPhase;
			buildActionMask = 2147483647;
			files = (
			);
			runOnlyForDeploymentPostprocessing = 0;
		};
/* End PBXFrameworksBuildPhase section */

/* Begin PBXGroup section */
		A1B2C3C71234567890ABCDEF = {
			isa = PBXGroup;
			children = (
				A1B2C3D21234567890ABCDEF /* AnchorStation */,
				A1B2C3D11234567890ABCDEF /* Products */,
			);
			sourceTree = "<group>";
		};
		A1B2C3D11234567890ABCDEF /* Products */ = {
			isa = PBXGroup;
			children = (
				A1B2C3D01234567890ABCDEF /* AnchorStation.app */,
			);
			name = Products;
			sourceTree = "<group>";
		};
		A1B2C3D21234567890ABCDEF /* AnchorStation */ = {
			isa = PBXGroup;
			children = (
				A1B2C3D31234567890ABCDEF /* AnchorApp.swift */,
				A1B2C3D51234567890ABCDEF /* ContentView.swift */,
				B1B2C3D31234567890ABCDEF /* ModeSelectionView.swift */,
				B1B2C3D51234567890ABCDEF /* AnchorModeView.swift */,
				B1B2C3D71234567890ABCDEF /* NavigationModeView.swift */,
				A1B2C3D71234567890ABCDEF /* AnchorManager.swift */,
				B1B2C3D91234567890ABCDEF /* NavigationManager.swift */,
				A1B2C3D91234567890ABCDEF /* Assets.xcassets */,
				A1B2C3DB1234567890ABCDEF /* Info.plist */,
			);
			path = AnchorStation;
			sourceTree = "<group>";
		};
/* End PBXGroup section */

/* Begin PBXNativeTarget section */
		A1B2C3CF1234567890ABCDEF /* AnchorStation */ = {
			isa = PBXNativeTarget;
			buildConfigurationList = A1B2C3E41234567890ABCDEF /* Build configuration list for PBXNativeTarget "AnchorStation" */;
			buildPhases = (
				A1B2C3CC1234567890ABCDEF /* Sources */,
				A1B2C3CD1234567890ABCDEF /* Frameworks */,
				A1B2C3CE1234567890ABCDEF /* Resources */,
			);
			buildRules = (
			);
			dependencies = (
			);
			name = AnchorStation;
			productName = AnchorStation;
			productReference = A1B2C3D01234567890ABCDEF /* AnchorStation.app */;
			productType = "com.apple.product-type.application";
		};
/* End PBXNativeTarget section */

/* Begin PBXProject section */
		A1B2C3C81234567890ABCDEF /* Project object */ = {
			isa = PBXProject;
			attributes = {
				BuildIndependentTargetsInParallel = 1;
				LastSwiftUpdateCheck = 1500;
				LastUpgradeCheck = 1500;
				TargetAttributes = {
					A1B2C3CF1234567890ABCDEF = {
						CreatedOnToolsVersion = 15.0;
					};
				};
			};
			buildConfigurationList = A1B2C3CB1234567890ABCDEF /* Build configuration list for PBXProject "AnchorStation" */;
			compatibilityVersion = "Xcode 14.0";
			developmentRegion = en;
			hasScannedForEncodings = 0;
			knownRegions = (
				en,
				Base,
			);
			mainGroup = A1B2C3C71234567890ABCDEF;
			productRefGroup = A1B2C3D11234567890ABCDEF /* Products */;
			projectDirPath = "";
			projectRoot = "";
			targets = (
				A1B2C3CF1234567890ABCDEF /* AnchorStation */,
			);
		};
/* End PBXProject section */

/* Begin PBXResourcesBuildPhase section */
		A1B2C3CE1234567890ABCDEF /* Resources */ = {
			isa = PBXResourcesBuildPhase;
			buildActionMask = 2147483647;
			files = (
				A1B2C3DA1234567890ABCDEF /* Assets.xcassets in Resources */,
			);
			runOnlyForDeploymentPostprocessing = 0;
		};
/* End PBXResourcesBuildPhase section */

/* Begin PBXSourcesBuildPhase section */
		A1B2C3CC1234567890ABCDEF /* Sources */ = {
			isa = PBXSourcesBuildPhase;
			buildActionMask = 2147483647;
			files = (
				A1B2C3D61234567890ABCDEF /* ContentView.swift in Sources */,
				A1B2C3D41234567890ABCDEF /* AnchorApp.swift in Sources */,
				A1B2C3D81234567890ABCDEF /* AnchorManager.swift in Sources */,
				B1B2C3D41234567890ABCDEF /* ModeSelectionView.swift in Sources */,
				B1B2C3D61234567890ABCDEF /* AnchorModeView.swift in Sources */,
				B1B2C3D81234567890ABCDEF /* NavigationModeView.swift in Sources */,
				B1B2C3DA1234567890ABCDEF /* NavigationManager.swift in Sources */,
			);
			runOnlyForDeploymentPostprocessing = 0;
		};
/* End PBXSourcesBuildPhase section */

/* Begin XCBuildConfiguration section */
		A1B2C3E21234567890ABCDEF /* Debug */ = {
			isa = XCBuildConfiguration;
			buildSettings = {
				ALWAYS_SEARCH_USER_PATHS = NO;
				ASSETCATALOG_COMPILER_GENERATE_SWIFT_ASSET_SYMBOL_EXTENSIONS = YES;
				CLANG_ANALYZER_NONNULL = YES;
				CLANG_ANALYZER_NUMBER_OBJECT_CONVERSION = YES_AGGRESSIVE;
				CLANG_CXX_LANGUAGE_STANDARD = "gnu++20";
				CLANG_ENABLE_MODULES = YES;
				CLANG_ENABLE_OBJC_ARC = YES;
				CLANG_ENABLE_OBJC_WEAK = YES;
				CLANG_WARN_BLOCK_CAPTURE_AUTORELEASING = YES;
				CLANG_WARN_BOOL_CONVERSION = YES;
				CLANG_WARN_COMMA = YES;
				CLANG_WARN_CONSTANT_CONVERSION = YES;
				CLANG_WARN_DEPRECATED_OBJC_IMPLEMENTATIONS = YES;
				CLANG_WARN_DIRECT_OBJC_ISA_USAGE = YES_ERROR;
				CLANG_WARN_DOCUMENTATION_COMMENTS = YES;
				CLANG_WARN_EMPTY_BODY = YES;
				CLANG_WARN_ENUM_CONVERSION = YES;
				CLANG_WARN_INFINITE_RECURSION = YES;
				CLANG_WARN_INT_CONVERSION = YES;
				CLANG_WARN_NON_LITERAL_NULL_CONVERSION = YES;
				CLANG_WARN_OBJC_IMPLICIT_RETAIN_SELF = YES;
				CLANG_WARN_OBJC_LITERAL_CONVERSION = YES;
				CLANG_WARN_OBJC_ROOT_CLASS = YES_ERROR;
				CLANG_WARN_QUOTED_INCLUDE_IN_FRAMEWORK_HEADER = YES;
				CLANG_WARN_RANGE_LOOP_ANALYSIS = YES;
				CLANG_WARN_STRICT_PROTOTYPES = YES;
				CLANG_WARN_SUSPICIOUS_MOVE = YES;
				CLANG_WARN_UNGUARDED_AVAILABILITY = YES_AGGRESSIVE;
				CLANG_WARN_UNREACHABLE_CODE = YES;
				CLANG_WARN__DUPLICATE_METHOD_MATCH = YES;
				COPY_PHASE_STRIP = NO;
				DEBUG_INFORMATION_FORMAT = dwarf;
				ENABLE_STRICT_OBJC_MSGSEND = YES;
				ENABLE_TESTABILITY = YES;
				ENABLE_USER_SCRIPT_SANDBOXING = YES;
				GCC_C_LANGUAGE_STANDARD = gnu17;
				GCC_DYNAMIC_NO_PIC = NO;
				GCC_NO_COMMON_BLOCKS = YES;
				GCC_OPTIMIZATION_LEVEL = 0;
				GCC_PREPROCESSOR_DEFINITIONS = (
					"DEBUG=1",
					"$(inherited)",
				);
				GCC_WARN_64_TO_32_BIT_CONVERSION = YES;
				GCC_WARN_ABOUT_RETURN_TYPE = YES_ERROR;
				GCC_WARN_UNDECLARED_SELECTOR = YES;
				GCC_WARN_UNINITIALIZED_AUTOS = YES_AGGRESSIVE;
				GCC_WARN_UNUSED_FUNCTION = YES;
				GCC_WARN_UNUSED_VARIABLE = YES;
				IPHONEOS_DEPLOYMENT_TARGET = 15.0;
				LOCALIZATION_PREFERS_STRING_CATALOGS = YES;
				MTL_ENABLE_DEBUG_INFO = INCLUDE_SOURCE;
				MTL_FAST_MATH = YES;
				ONLY_ACTIVE_ARCH = YES;
				SDKROOT = iphoneos;
				SWIFT_ACTIVE_COMPILATION_CONDITIONS = "DEBUG $(inherited)";
				SWIFT_OPTIMIZATION_LEVEL = "-Onone";
			};
			name = Debug;
		};
		A1B2C3E31234567890ABCDEF /* Release */ = {
			isa = XCBuildConfiguration;
			buildSettings = {
				ALWAYS_SEARCH_USER_PATHS = NO;
				ASSETCATALOG_COMPILER_GENERATE_SWIFT_ASSET_SYMBOL_EXTENSIONS = YES;
				CLANG_ANALYZER_NONNULL = YES;
				CLANG_ANALYZER_NUMBER_OBJECT_CONVERSION = YES_AGGRESSIVE;
				CLANG_CXX_LANGUAGE_STANDARD = "gnu++20";
				CLANG_ENABLE_MODULES = YES;
				CLANG_ENABLE_OBJC_ARC = YES;
				CLANG_ENABLE_OBJC_WEAK = YES;
				CLANG_WARN_BLOCK_CAPTURE_AUTORELEASING = YES;
				CLANG_WARN_BOOL_CONVERSION = YES;
				CLANG_WARN_COMMA = YES;
				CLANG_WARN_CONSTANT_CONVERSION = YES;
				CLANG_WARN_DEPRECATED_OBJC_IMPLEMENTATIONS = YES;
				CLANG_WARN_DIRECT_OBJC_ISA_USAGE = YES_ERROR;
				CLANG_WARN_DOCUMENTATION_COMMENTS = YES;
				CLANG_WARN_EMPTY_BODY = YES;
				CLANG_WARN_ENUM_CONVERSION = YES;
				CLANG_WARN_INFINITE_RECURSION = YES;
				CLANG_WARN_INT_CONVERSION = YES;
				CLANG_WARN_NON_LITERAL_NULL_CONVERSION = YES;
				CLANG_WARN_OBJC_IMPLICIT_RETAIN_SELF = YES;
				CLANG_WARN_OBJC_LITERAL_CONVERSION = YES;
				CLANG_WARN_OBJC_ROOT_CLASS = YES_ERROR;
				CLANG_WARN_QUOTED_INCLUDE_IN_FRAMEWORK_HEADER = YES;
				CLANG_WARN_RANGE_LOOP_ANALYSIS = YES;
				CLANG_WARN_STRICT_PROTOTYPES = YES;
				CLANG_WARN_SUSPICIOUS_MOVE = YES;
				CLANG_WARN_UNGUARDED_AVAILABILITY = YES_AGGRESSIVE;
				CLANG_WARN_UNREACHABLE_CODE = YES;
				CLANG_WARN__DUPLICATE_METHOD_MATCH = YES;
				COPY_PHASE_STRIP = NO;
				DEBUG_INFORMATION_FORMAT = "dwarf-with-dsym";
				ENABLE_NS_ASSERTIONS = NO;
				ENABLE_STRICT_OBJC_MSGSEND = YES;
				ENABLE_USER_SCRIPT_SANDBOXING = YES;
				GCC_C_LANGUAGE_STANDARD = gnu17;
				GCC_NO_COMMON_BLOCKS = YES;
				GCC_WARN_64_TO_32_BIT_CONVERSION = YES;
				GCC_WARN_ABOUT_RETURN_TYPE = YES_ERROR;
				GCC_WARN_UNDECLARED_SELECTOR = YES;
				GCC_WARN_UNINITIALIZED_AUTOS = YES_AGGRESSIVE;
				GCC_WARN_UNUSED_FUNCTION = YES;
				GCC_WARN_UNUSED_VARIABLE = YES;
				IPHONEOS_DEPLOYMENT_TARGET = 15.0;
				LOCALIZATION_PREFERS_STRING_CATALOGS = YES;
				MTL_ENABLE_DEBUG_INFO = NO;
				MTL_FAST_MATH = YES;
				SDKROOT = iphoneos;
				SWIFT_COMPILATION_MODE = wholemodule;
				VALIDATE_PRODUCT = YES;
			};
			name = Release;
		};
		A1B2C3E51234567890ABCDEF /* Debug */ = {
			isa = XCBuildConfiguration;
			buildSettings = {
				ASSETCATALOG_COMPILER_APPICON_NAME = AppIcon;
				ASSETCATALOG_COMPILER_GLOBAL_ACCENT_COLOR_NAME = AccentColor;
				CODE_SIGN_STYLE = Automatic;
				CURRENT_PROJECT_VERSION = 1;
				DEVELOPMENT_TEAM = "";
				GENERATE_INFOPLIST_FILE = YES;
				INFOPLIST_FILE = AnchorStation/Info.plist;
				INFOPLIST_KEY_NSCameraUsageDescription = "This app uses ARKit for motion tracking during navigation.";
				INFOPLIST_KEY_NSLocalNetworkUsageDescription = "This app uses the local network to discover navigation anchors.";
				INFOPLIST_KEY_NSNearbyInteractionAllowOnceUsageDescription = "This app uses Nearby Interaction to determine precise distance to anchor phones for indoor navigation.";
				INFOPLIST_KEY_NSNearbyInteractionUsageDescription = "This app uses Nearby Interaction for precise indoor positioning.";
				INFOPLIST_KEY_UIApplicationSupportsIndirectInputEvents = YES;
				INFOPLIST_KEY_UILaunchStoryboardName = "";
				INFOPLIST_KEY_UIRequiredDeviceCapabilities = (
					"arkit",
					"nearby-interaction",
				);
				INFOPLIST_KEY_UISupportedInterfaceOrientations = UIInterfaceOrientationPortrait;
				INFOPLIST_KEY_UISupportedInterfaceOrientations_iPad = "UIInterfaceOrientationLandscapeLeft UIInterfaceOrientationLandscapeRight UIInterfaceOrientationPortrait UIInterfaceOrientationPortraitUpsideDown";
				LD_RUNPATH_SEARCH_PATHS = (
					"$(inherited)",
					"@executable_path/Frameworks",
				);
				MARKETING_VERSION = 1.0;
				PRODUCT_BUNDLE_IDENTIFIER = com.navigation.AnchorStation;
				PRODUCT_NAME = "$(TARGET_NAME)";
				SWIFT_EMIT_LOC_STRINGS = YES;
				SWIFT_VERSION = 5.0;
				TARGETED_DEVICE_FAMILY = "1,2";
			};
			name = Debug;
		};
		A1B2C3E61234567890ABCDEF /* Release */ = {
			isa = XCBuildConfiguration;
			buildSettings = {
				ASSETCATALOG_COMPILER_APPICON_NAME = AppIcon;
				ASSETCATALOG_COMPILER_GLOBAL_ACCENT_COLOR_NAME = AccentColor;
				CODE_SIGN_STYLE = Automatic;
				CURRENT_PROJECT_VERSION = 1;
				DEVELOPMENT_TEAM = "";
				GENERATE_INFOPLIST_FILE = YES;
				INFOPLIST_FILE = AnchorStation/Info.plist;
				INFOPLIST_KEY_NSCameraUsageDescription = "This app uses ARKit for motion tracking during navigation.";
				INFOPLIST_KEY_NSLocalNetworkUsageDescription = "This app uses the local network to discover navigation anchors.";
				INFOPLIST_KEY_NSNearbyInteractionAllowOnceUsageDescription = "This app uses Nearby Interaction to determine precise distance to anchor phones for indoor navigation.";
				INFOPLIST_KEY_NSNearbyInteractionUsageDescription = "This app uses Nearby Interaction for precise indoor positioning.";
				INFOPLIST_KEY_UIApplicationSupportsIndirectInputEvents = YES;
				INFOPLIST_KEY_UILaunchStoryboardName = "";
				INFOPLIST_KEY_UIRequiredDeviceCapabilities = (
					"arkit",
					"nearby-interaction",
				);
				INFOPLIST_KEY_UISupportedInterfaceOrientations = UIInterfaceOrientationPortrait;
				INFOPLIST_KEY_UISupportedInterfaceOrientations_iPad = "UIInterfaceOrientationLandscapeLeft UIInterfaceOrientationLandscapeRight UIInterfaceOrientationPortrait UIInterfaceOrientationPortraitUpsideDown";
				LD_RUNPATH_SEARCH_PATHS = (
					"$(inherited)",
					"@executable_path/Frameworks",
				);
				MARKETING_VERSION = 1.0;
				PRODUCT_BUNDLE_IDENTIFIER = com.navigation.AnchorStation;
				PRODUCT_NAME = "$(TARGET_NAME)";
				SWIFT_EMIT_LOC_STRINGS = YES;
				SWIFT_VERSION = 5.0;
				TARGETED_DEVICE_FAMILY = "1,2";
			};
			name = Release;
		};
/* End XCBuildConfiguration section */

/* Begin XCConfigurationList section */
		A1B2C3CB1234567890ABCDEF /* Build configuration list for PBXProject "AnchorStation" */ = {
			isa = XCConfigurationList;
			buildConfigurations = (
				A1B2C3E21234567890ABCDEF /* Debug */,
				A1B2C3E31234567890ABCDEF /* Release */,
			);
			defaultConfigurationIsVisible = 0;
			defaultConfigurationName = Release;
		};
		A1B2C3E41234567890ABCDEF /* Build configuration list for PBXNativeTarget "AnchorStation" */ = {
			isa = XCConfigurationList;
			buildConfigurations = (
				A1B2C3E51234567890ABCDEF /* Debug */,
				A1B2C3E61234567890ABCDEF /* Release */,
			);
			defaultConfigurationIsVisible = 0;
			defaultConfigurationName = Release;
		};
/* End XCConfigurationList section */
	};
	rootObject = A1B2C3C81234567890ABCDEF /* Project object */;
}